
Microsoft Visual Studio Solution File, Format Version 12.00
# Visual Studio Version 17
VisualStudioVersion = 17.11.35222.181
MinimumVisualStudioVersion = 10.0.40219.1
Project("{FAE04EC0-301F-11D3-BF4B-00C04F79EFBC}") = "CourseWork", "CourseWork\CourseWork.csproj", "{F571E494-89E2-4FEC-A0DD-B53CEFBDFEC1}"
EndProject
Global
	GlobalSection(SolutionConfigurationPlatforms) = preSolution
		Debug|Any CPU = Debug|Any CPU
		Release|Any CPU = Release|Any CPU
	EndGlobalSection
	GlobalSection(ProjectConfigurationPlatforms) = postSolution
		{F571E494-89E2-4FEC-A0DD-B53CEFBDFEC1}.Debug|Any CPU.ActiveCfg = Debug|Any CPU
		{F571E494-89E2-4FEC-A0DD-B53CEFBDFEC1}.Debug|Any CPU.Build.0 = Debug|Any CPU
		{F571E494-89E2-4FEC-A0DD-B53CEFBDFEC1}.Release|Any CPU.ActiveCfg = Release|Any CPU
		{F571E494-89E2-4FEC-A0DD-B53CEFBDFEC1}.Release|Any CPU.Build.0 = Release|Any CPU
	EndGlobalSection
	GlobalSection(SolutionProperties) = preSolution
		HideSolutionNode = FALSE
	EndGlobalSection
	GlobalSection(ExtensibilityGlobals) = postSolution
		SolutionGuid = {748CBC2B-7BD4-469B-8088-9E2BD0C3C306}
	EndGlobalSection
EndGlobal
